
Microsoft Visual Studio Solution File, Format Version 12.00
# Visual Studio 15
VisualStudioVersion = 15.0.26124.0
MinimumVisualStudioVersion = 15.0.26124.0
Project("{2150E333-8FDC-42A3-9474-1A3956D46DE8}") = "src", "src", "{B27FC9EF-6325-48E3-B63F-E92907B982C5}"
EndProject
Project("{FAE04EC0-301F-11D3-BF4B-00C04F79EFBC}") = "GradeBook", "src\GradeBook\GradeBook.csproj", "{6392D68C-33DD-4710-B8D4-B67004793209}"
EndProject
Project("{2150E333-8FDC-42A3-9474-1A3956D46DE8}") = "test", "test", "{FCDB9248-3277-415E-9F6D-DACFDEFAA465}"
EndProject
Project("{FAE04EC0-301F-11D3-BF4B-00C04F79EFBC}") = "GradeBook.Tests", "test\GradeBook.Tests\GradeBook.Tests.csproj", "{3A01BB69-2F80-48FE-A4FF-0828858A19E9}"
EndProject
Global
	GlobalSection(SolutionConfigurationPlatforms) = preSolution
		Debug|Any CPU = Debug|Any CPU
		Debug|x64 = Debug|x64
		Debug|x86 = Debug|x86
		Release|Any CPU = Release|Any CPU
		Release|x64 = Release|x64
		Release|x86 = Release|x86
	EndGlobalSection
	GlobalSection(SolutionProperties) = preSolution
		HideSolutionNode = FALSE
	EndGlobalSection
	GlobalSection(ProjectConfigurationPlatforms) = postSolution
		{6392D68C-33DD-4710-B8D4-B67004793209}.Debug|Any CPU.ActiveCfg = Debug|Any CPU
		{6392D68C-33DD-4710-B8D4-B67004793209}.Debug|Any CPU.Build.0 = Debug|Any CPU
		{6392D68C-33DD-4710-B8D4-B67004793209}.Debug|x64.ActiveCfg = Debug|Any CPU
		{6392D68C-33DD-4710-B8D4-B67004793209}.Debug|x64.Build.0 = Debug|Any CPU
		{6392D68C-33DD-4710-B8D4-B67004793209}.Debug|x86.ActiveCfg = Debug|Any CPU
		{6392D68C-33DD-4710-B8D4-B67004793209}.Debug|x86.Build.0 = Debug|Any CPU
		{6392D68C-33DD-4710-B8D4-B67004793209}.Release|Any CPU.ActiveCfg = Release|Any CPU
		{6392D68C-33DD-4710-B8D4-B67004793209}.Release|Any CPU.Build.0 = Release|Any CPU
		{6392D68C-33DD-4710-B8D4-B67004793209}.Release|x64.ActiveCfg = Release|Any CPU
		{6392D68C-33DD-4710-B8D4-B67004793209}.Release|x64.Build.0 = Release|Any CPU
		{6392D68C-33DD-4710-B8D4-B67004793209}.Release|x86.ActiveCfg = Release|Any CPU
		{6392D68C-33DD-4710-B8D4-B67004793209}.Release|x86.Build.0 = Release|Any CPU
		{3A01BB69-2F80-48FE-A4FF-0828858A19E9}.Debug|Any CPU.ActiveCfg = Debug|Any CPU
		{3A01BB69-2F80-48FE-A4FF-0828858A19E9}.Debug|Any CPU.Build.0 = Debug|Any CPU
		{3A01BB69-2F80-48FE-A4FF-0828858A19E9}.Debug|x64.ActiveCfg = Debug|Any CPU
		{3A01BB69-2F80-48FE-A4FF-0828858A19E9}.Debug|x64.Build.0 = Debug|Any CPU
		{3A01BB69-2F80-48FE-A4FF-0828858A19E9}.Debug|x86.ActiveCfg = Debug|Any CPU
		{3A01BB69-2F80-48FE-A4FF-0828858A19E9}.Debug|x86.Build.0 = Debug|Any CPU
		{3A01BB69-2F80-48FE-A4FF-0828858A19E9}.Release|Any CPU.ActiveCfg = Release|Any CPU
		{3A01BB69-2F80-48FE-A4FF-0828858A19E9}.Release|Any CPU.Build.0 = Release|Any CPU
		{3A01BB69-2F80-48FE-A4FF-0828858A19E9}.Release|x64.ActiveCfg = Release|Any CPU
		{3A01BB69-2F80-48FE-A4FF-0828858A19E9}.Release|x64.Build.0 = Release|Any CPU
		{3A01BB69-2F80-48FE-A4FF-0828858A19E9}.Release|x86.ActiveCfg = Release|Any CPU
		{3A01BB69-2F80-48FE-A4FF-0828858A19E9}.Release|x86.Build.0 = Release|Any CPU
	EndGlobalSection
	GlobalSection(NestedProjects) = preSolution
		{6392D68C-33DD-4710-B8D4-B67004793209} = {B27FC9EF-6325-48E3-B63F-E92907B982C5}
		{3A01BB69-2F80-48FE-A4FF-0828858A19E9} = {FCDB9248-3277-415E-9F6D-DACFDEFAA465}
	EndGlobalSection
EndGlobal
